# @generated - this file is auto-generated by `mise lock` https://mise.en.dev/dev-tools/mise-lock.html

[[tools.gradle]]
version = "9.6.0"
backend = "aqua:gradle/gradle"

[tools.gradle."platforms.linux-x64"]
checksum = "sha256:bbaeb2fef8710818cf0e261201dab964c572f92b942812df0c3620d62a529a01"
url = "https://github.com/gradle/gradle-distributions/releases/download/v9.6.0/gradle-9.6.0-bin.zip"

[[tools.java]]
version = "temurin-26.0.1+8"
backend = "core:java"

[tools.java."platforms.linux-x64"]
checksum = "sha256:8e512f13e575a43655fc92319436c94890c137b9035cc6bd6f9cf24239704d3a"
url = "https://github.com/adoptium/temurin26-binaries/releases/download/jdk-26.0.1%2B8/OpenJDK26U-jdk_x64_linux_hotspot_26.0.1_8.tar.gz"

[[tools.ktlint]]
version = "1.8.0"
backend = "aqua:pinterest/ktlint"

[tools.ktlint."platforms.linux-x64"]
checksum = "sha256:3722801dd119b96a2fbeda0b9d66f173994f249998c87bcf2274b51977aa8f77"
url = "https://github.com/ktlint/ktlint/releases/download/1.8.0/ktlint-1.8.0.zip"
