# @generated - this file is auto-generated by `mise lock` https://mise.en.dev/dev-tools/mise-lock.html

[[tools.elixir]]
version = "1.20.1-otp-29"
backend = "core:elixir"

[tools.elixir."platforms.linux-x64"]
checksum = "sha256:6f8aa7149d1ff24d048c5bcfc8c4e37e463faef7e8ae8f5ea105c95f7d4f3c9a"
url = "https://builds.hex.pm/builds/elixir/v1.20.1-otp-29.zip"

[[tools.erlang]]
version = "29.0.2"
backend = "core:erlang"

[tools.erlang.options]
precompiled = "if_available"
precompiled_os = "ubuntu-24.04"

[tools.erlang."platforms.linux-x64"]
url = "https://builds.hex.pm/builds/otp/amd64/ubuntu-24.04/OTP-29.0.2.tar.gz"

[[tools.erlang]]
version = "29.0.2"
backend = "core:erlang"

[tools.erlang.options]
precompiled = "if_available"

[[tools.rebar]]
version = "3.27.0"
backend = "github:erlang/rebar3"

[tools.rebar.options]
asset_pattern = "rebar3"

[tools.rebar."platforms.linux-x64"]
checksum = "sha256:af85aab41f9fd74bdd6341ebdf6fe9c88077aab9f8eac82371583fa02f2b0bdf"
url = "https://github.com/erlang/rebar3/releases/download/3.27.0/rebar3"
url_api = "https://api.github.com/repos/erlang/rebar3/releases/assets/363630699"
