# @generated - this file is auto-generated by `mise lock` https://mise.en.dev/dev-tools/mise-lock.html

[[tools."github:alire-project/alire"]]
version = "2.1.1"
backend = "github:alire-project/alire"

[tools."github:alire-project/alire"."platforms.linux-x64"]
checksum = "sha256:09c66bcd8c35dd4b97b72c3d9b76e44caa6964a2db35aba069f396f00f1f64c7"
url = "https://github.com/alire-project/alire/releases/download/v2.1.1/alr-2.1.1-bin-x86_64-linux.zip"
url_api = "https://api.github.com/repos/alire-project/alire/releases/assets/429362820"
provenance = "github-attestations"
