# @generated - this file is auto-generated by `mise lock` https://mise.en.dev/dev-tools/mise-lock.html

[[tools.cabal]]
version = "3.16.1.0"
backend = "aqua:haskell/cabal/cabal-install"

[tools.cabal."platforms.linux-x64"]
checksum = "sha256:5ebe58932e7856dd08e5617414597c5d07799d72796faf24d23f2355ca37b3df"
url = "https://downloads.haskell.org/~cabal/cabal-install-3.16.1.0/cabal-install-3.16.1.0-x86_64-linux-alpine3_12.tar.xz"

[[tools.ghcup]]
version = "0.2.6.2"
backend = "aqua:haskell/ghcup-hs"

[tools.ghcup."platforms.linux-x64"]
url = "https://downloads.haskell.org/~ghcup/0.2.6.2/x86_64-linux-ghcup-0.2.6.2"

[[tools.hlint]]
version = "3.10"
backend = "github:ndmitchell/hlint"

[tools.hlint."platforms.linux-x64"]
url = "https://github.com/ndmitchell/hlint/releases/download/v3.10/hlint-3.10-x86_64-linux.tar.gz"
url_api = "https://api.github.com/repos/ndmitchell/hlint/releases/assets/225694248"

[[tools.ormolu]]
version = "0.8.1.1"
backend = "github:tweag/ormolu"

[tools.ormolu."platforms.linux-x64"]
checksum = "sha256:fde2caaf946c1d3507aebfbf848258c7fb19a0794c0b47ac549f83e556195cf2"
url = "https://github.com/tweag/ormolu/releases/download/0.8.1.1/ormolu-x86_64-linux.zip"
url_api = "https://api.github.com/repos/tweag/ormolu/releases/assets/448496428"
