# @generated - this file is auto-generated by `mise lock` https://mise.en.dev/dev-tools/mise-lock.html

[conda-packages.linux-x64."_openmp_mutex-4.5-20_gnu"]
url = "https://conda.anaconda.org/conda-forge/linux-64/_openmp_mutex-4.5-20_gnu.conda"
checksum = "sha256:1dd3fffd892081df9726d7eb7e0dea6198962ba775bd88842135a4ddb4deb3c9"

[conda-packages.linux-x64."binutils_impl_linux-64-2.46.1-default_hfdba357_102"]
url = "https://conda.anaconda.org/conda-forge/linux-64/binutils_impl_linux-64-2.46.1-default_hfdba357_102.conda"
checksum = "sha256:fb7bf36984a37ce7e4714d1d1da0bd0e3bfc679520f5cdc184afc676fd4b5da2"

[conda-packages.linux-x64."clang-format-22-22.1.8-default_h0acdd01_10"]
url = "https://conda.anaconda.org/conda-forge/linux-64/clang-format-22-22.1.8-default_h0acdd01_10.conda"
checksum = "sha256:da82be7ef35b60cd17c99856a8ebaf775a51254a4edc5ca64cc2debda898fafb"

[conda-packages.linux-x64."conda-gcc-specs-15.2.0-h53410ce_20"]
url = "https://conda.anaconda.org/conda-forge/linux-64/conda-gcc-specs-15.2.0-h53410ce_20.conda"
checksum = "sha256:a74410edbdccfe386a13995242175fddffdc9374295a189cf810625707eec153"

[conda-packages.linux-x64."gcc_impl_linux-64-15.2.0-h8ddf172_20"]
url = "https://conda.anaconda.org/conda-forge/linux-64/gcc_impl_linux-64-15.2.0-h8ddf172_20.conda"
checksum = "sha256:8e5725dfd8dfb4df6b78252abca52e29c778862900714d38aed6328144da229b"

[conda-packages.linux-x64."kernel-headers_linux-64-6.12.0-he073ed8_6"]
url = "https://conda.anaconda.org/conda-forge/noarch/kernel-headers_linux-64-6.12.0-he073ed8_6.conda"
checksum = "sha256:73b11f31db6c9ebe63d900334fa4f46859aa1ddd8f37cfa5f25a043e0a59253c"

[conda-packages.linux-x64."ld_impl_linux-64-2.46.1-default_hbd61a6d_102"]
url = "https://conda.anaconda.org/conda-forge/linux-64/ld_impl_linux-64-2.46.1-default_hbd61a6d_102.conda"
checksum = "sha256:27d83f1188cd19bcb7754a078b3fa7f4cfb8527f8eb2fde54dd01fc529d1adec"

[conda-packages.linux-x64."libclang-cpp22.1-22.1.8-default_h0acdd01_10"]
url = "https://conda.anaconda.org/conda-forge/linux-64/libclang-cpp22.1-22.1.8-default_h0acdd01_10.conda"
checksum = "sha256:44ed5220e286dbb2886225b4ca2ea8eaac2769ac039e933440bea6ced3dadf95"

[conda-packages.linux-x64."libgcc-16.2.0-ha9f2e26_7"]
url = "https://conda.anaconda.org/conda-forge/linux-64/libgcc-16.2.0-ha9f2e26_7.conda"
checksum = "sha256:e031634c3a928f9594eba868bc46ef5230d6571a364a0c63215b06c4563bfcea"

[conda-packages.linux-x64."libgcc-devel_linux-64-15.2.0-hcc6f6b0_120"]
url = "https://conda.anaconda.org/conda-forge/noarch/libgcc-devel_linux-64-15.2.0-hcc6f6b0_120.conda"
checksum = "sha256:a57003c6ea0d7464d06f1e37ac3832faa0578b48e51896c896d83eda01c83d04"

[conda-packages.linux-x64."libgomp-16.2.0-he0feb66_7"]
url = "https://conda.anaconda.org/conda-forge/linux-64/libgomp-16.2.0-he0feb66_7.conda"
checksum = "sha256:92a0bb350c7be6a4eedcb4e111c60aefd176018e6b1c009a6e025dbe9bbcd758"

[conda-packages.linux-x64."libiconv-1.18-h0cb94f2_3"]
url = "https://conda.anaconda.org/conda-forge/linux-64/libiconv-1.18-h0cb94f2_3.conda"
checksum = "sha256:f943117edb9cd4d9c61cc972eee5a34291dc55ea7a6e9e38da104995841cbcb6"

[conda-packages.linux-x64."libllvm22-22.1.8-h474f4eb_3"]
url = "https://conda.anaconda.org/conda-forge/linux-64/libllvm22-22.1.8-h474f4eb_3.conda"
checksum = "sha256:135b8b9bfed6a20cdbda657ddb4584d483203eb0e4c29e448a60d4bcc762f391"

[conda-packages.linux-x64."liblzma-5.8.3-hb03c661_1"]
url = "https://conda.anaconda.org/conda-forge/linux-64/liblzma-5.8.3-hb03c661_1.conda"
checksum = "sha256:9787df8c22a59c9a70d3e5a10db9ad663485e75e9ccc3f09bd092cb7b95e0dab"

[conda-packages.linux-x64."libsanitizer-15.2.0-h984fb3e_20"]
url = "https://conda.anaconda.org/conda-forge/linux-64/libsanitizer-15.2.0-h984fb3e_20.conda"
checksum = "sha256:d7b184884d924154c2ffb924e188be93d5922096e3754d11a26277d99a8f3943"

[conda-packages.linux-x64."libstdcxx-16.2.0-h934c35e_7"]
url = "https://conda.anaconda.org/conda-forge/linux-64/libstdcxx-16.2.0-h934c35e_7.conda"
checksum = "sha256:fa7018298629fc429971fffd6ecba3d27a7b02e4e890d6a93ea01ffebe8cb745"

[conda-packages.linux-x64."libstdcxx-devel_linux-64-15.2.0-hd446a21_120"]
url = "https://conda.anaconda.org/conda-forge/noarch/libstdcxx-devel_linux-64-15.2.0-hd446a21_120.conda"
checksum = "sha256:3cabbd98a31d584517c9d8588f5a5b32b49d9898bcce379f41f6138d5af6d6be"

[conda-packages.linux-x64."libxml2-16-2.15.4-hbdfff7e_0"]
url = "https://conda.anaconda.org/conda-forge/linux-64/libxml2-16-2.15.4-hbdfff7e_0.conda"
checksum = "sha256:b6f96287c408269f5067bb4f7a61693ff5c856152902362964d9807152b9c146"

[conda-packages.linux-x64."libxml2-2.15.4-ha7a5771_0"]
url = "https://conda.anaconda.org/conda-forge/linux-64/libxml2-2.15.4-ha7a5771_0.conda"
checksum = "sha256:db52c038430a508656530fc7b5650ae3e2629875693a6a256cc48dec203f8bfe"

[conda-packages.linux-x64."libzlib-1.3.2-h25fd6f3_3"]
url = "https://conda.anaconda.org/conda-forge/linux-64/libzlib-1.3.2-h25fd6f3_3.conda"
checksum = "sha256:eb8a0db0aa570124f7d2a93d7c7f596e3390df5e047818d873baad32985fc736"

[conda-packages.linux-x64."sysroot_linux-64-2.39-hc4b9eeb_6"]
url = "https://conda.anaconda.org/conda-forge/noarch/sysroot_linux-64-2.39-hc4b9eeb_6.conda"
checksum = "sha256:7d235e4337f122f3439d0196e1c1c6e715a5b88fcbf24f944510186c84168e45"

[conda-packages.linux-x64.tzdata-2026c-h151e31d_0]
url = "https://conda.anaconda.org/conda-forge/noarch/tzdata-2026c-h151e31d_0.conda"
checksum = "sha256:b928c30ddcb0e3f544c6eade8352737e6e610e263276b90232db6a578ef899d8"

[conda-packages.linux-x64."zstd-1.5.7-hb78ec9c_7"]
url = "https://conda.anaconda.org/conda-forge/linux-64/zstd-1.5.7-hb78ec9c_7.conda"
checksum = "sha256:47d682b9f6d6ec9eb1a6e6c3e75ea6273e899e78fb7fc59f81d39745009fbc60"

[[tools.clang-format]]
version = "22.1.8"
backend = "conda:clang-format"

[tools.clang-format.options]
channel = "conda-forge"

[tools.clang-format."platforms.linux-x64"]
checksum = "sha256:c82315aa42475edf116814bfb86dc5e7e8f837bba3ae1971a2246b170e451ad1"
url = "https://conda.anaconda.org/conda-forge/linux-64/clang-format-22.1.8-default_hf2538bd_10.conda"
conda_deps = [
    "clang-format-22-22.1.8-default_h0acdd01_10",
    "libclang-cpp22.1-22.1.8-default_h0acdd01_10",
    "libzlib-1.3.2-h25fd6f3_3",
    "libstdcxx-16.2.0-h934c35e_7",
    "libgcc-16.2.0-ha9f2e26_7",
    "libxml2-2.15.4-ha7a5771_0",
    "libxml2-16-2.15.4-hbdfff7e_0",
    "zstd-1.5.7-hb78ec9c_7",
    "libllvm22-22.1.8-h474f4eb_3",
    "_openmp_mutex-4.5-20_gnu",
    "libgomp-16.2.0-he0feb66_7",
    "liblzma-5.8.3-hb03c661_1",
    "libiconv-1.18-h0cb94f2_3",
]

[[tools.cmake]]
version = "4.4.0"
backend = "aqua:Kitware/CMake"

[tools.cmake."platforms.linux-x64"]
checksum = "sha256:3864eb649b4466ae126a64bbde1657adad78efbbaa068bf38201de5cf1b5349f"
url = "https://github.com/Kitware/CMake/releases/download/v4.4.0/cmake-4.4.0-linux-x86_64.tar.gz"
url_api = "https://api.github.com/repos/Kitware/CMake/releases/assets/471628839"

[[tools."conda:gcc"]]
version = "15.2.0"
backend = "conda:gcc"

[tools."conda:gcc".options]
channel = "conda-forge"

[tools."conda:gcc"."platforms.linux-x64"]
checksum = "sha256:559aebbc0b6754681c7eec0b6ef8924a13eaa4c110510e99b8224ef3020fed69"
url = "https://conda.anaconda.org/conda-forge/linux-64/gcc-15.2.0-hc6a0c74_20.conda"
conda_deps = [
    "gcc_impl_linux-64-15.2.0-h8ddf172_20",
    "libstdcxx-devel_linux-64-15.2.0-hd446a21_120",
    "libsanitizer-15.2.0-h984fb3e_20",
    "libgcc-devel_linux-64-15.2.0-hcc6f6b0_120",
    "conda-gcc-specs-15.2.0-h53410ce_20",
    "binutils_impl_linux-64-2.46.1-default_hfdba357_102",
    "ld_impl_linux-64-2.46.1-default_hbd61a6d_102",
    "libgcc-16.2.0-ha9f2e26_7",
    "libgomp-16.2.0-he0feb66_7",
    "libstdcxx-16.2.0-h934c35e_7",
    "sysroot_linux-64-2.39-hc4b9eeb_6",
    "kernel-headers_linux-64-6.12.0-he073ed8_6",
    "zstd-1.5.7-hb78ec9c_7",
    "_openmp_mutex-4.5-20_gnu",
    "tzdata-2026c-h151e31d_0",
    "libzlib-1.3.2-h25fd6f3_3",
]

[[tools.dagger]]
version = "0.21.7"
backend = "aqua:dagger/dagger"

[tools.dagger."platforms.linux-x64"]
checksum = "sha256:44430afc6f9c390fc47c4f352b15de9309a5e97ebd1ae563839617d6df8e8cc5"
url = "https://github.com/dagger/dagger/releases/download/v0.21.7/dagger_v0.21.7_linux_amd64.tar.gz"
url_api = "https://api.github.com/repos/dagger/dagger/releases/assets/450438338"

[[tools."github:llvm/llvm-project"]]
version = "22.1.8"
backend = "github:llvm/llvm-project"

[tools."github:llvm/llvm-project".options]
version_prefix = "llvmorg-"

[tools."github:llvm/llvm-project"."platforms.linux-x64"]
checksum = "sha256:df0e1ecf16caf3489a272a5eea4eec9b0d82878f6477fa309504f918a0006384"
url = "https://github.com/llvm/llvm-project/releases/download/llvmorg-22.1.8/LLVM-22.1.8-Linux-X64.tar.xz"
url_api = "https://api.github.com/repos/llvm/llvm-project/releases/assets/449438700"
provenance = "github-attestations"

[[tools.gitleaks]]
version = "8.30.1"
backend = "aqua:gitleaks/gitleaks"

[tools.gitleaks."platforms.linux-x64"]
checksum = "sha256:551f6fc83ea457d62a0d98237cbad105af8d557003051f41f3e7ca7b3f2470eb"
url = "https://github.com/gitleaks/gitleaks/releases/download/v8.30.1/gitleaks_8.30.1_linux_x64.tar.gz"
url_api = "https://api.github.com/repos/gitleaks/gitleaks/releases/assets/378332058"

[[tools.ninja]]
version = "1.13.2"
backend = "aqua:ninja-build/ninja"

[tools.ninja."platforms.linux-x64"]
checksum = "sha256:5749cbc4e668273514150a80e387a957f933c6ed3f5f11e03fb30955e2bbead6"
url = "https://github.com/ninja-build/ninja/releases/download/v1.13.2/ninja-linux.zip"
url_api = "https://api.github.com/repos/ninja-build/ninja/releases/assets/318865358"

[[tools.python]]
version = "3.14.7"
backend = "core:python"

[tools.python."platforms.linux-x64"]
checksum = "sha256:da5357f47b1d9c8d4c439004d463d893ef688a44c27438a62b47073d26d1377e"
url = "https://github.com/astral-sh/python-build-standalone/releases/download/20260929/cpython-3.14.7+20260929-x86_64-unknown-linux-gnu-install_only_stripped.tar.gz"
provenance = "github-attestations"

[[tools.syft]]
version = "1.49.0"
backend = "aqua:anchore/syft"

[tools.syft."platforms.linux-x64"]
checksum = "sha256:7aa2f03ee92739cf643279ba3990548b9925d4e22cae13f46831ee62821147fe"
url = "https://github.com/anchore/syft/releases/download/v1.49.0/syft_1.49.0_linux_amd64.tar.gz"
url_api = "https://api.github.com/repos/anchore/syft/releases/assets/484701708"
