# @generated - this file is auto-generated by `mise lock` https://mise.en.dev/dev-tools/mise-lock.html

[conda-packages.linux-x64."_openmp_mutex-4.5-20_gnu"]
url = "https://conda.anaconda.org/conda-forge/linux-64/_openmp_mutex-4.5-20_gnu.conda"
checksum = "sha256:1dd3fffd892081df9726d7eb7e0dea6198962ba775bd88842135a4ddb4deb3c9"

[conda-packages.linux-x64."binutils-2.46.1-default_h4852527_102"]
url = "https://conda.anaconda.org/conda-forge/linux-64/binutils-2.46.1-default_h4852527_102.conda"
checksum = "sha256:659c367ef49df7741749a2ad240b007d7df51b4f210505a78543deafb001e44c"

[conda-packages.linux-x64."binutils_impl_linux-64-2.46.1-default_hfdba357_102"]
url = "https://conda.anaconda.org/conda-forge/linux-64/binutils_impl_linux-64-2.46.1-default_hfdba357_102.conda"
checksum = "sha256:fb7bf36984a37ce7e4714d1d1da0bd0e3bfc679520f5cdc184afc676fd4b5da2"

[conda-packages.linux-x64."clang-22-22.1.8-default_h9692865_3"]
url = "https://conda.anaconda.org/conda-forge/linux-64/clang-22-22.1.8-default_h9692865_3.conda"
checksum = "sha256:09c8ad191c20d536b992b8281a6f21a65dd0e3f25413950e69d1adc50940581c"

[conda-packages.linux-x64."clang-22.1.8-default_cfg_h361ecea_3"]
url = "https://conda.anaconda.org/conda-forge/linux-64/clang-22.1.8-default_cfg_h361ecea_3.conda"
checksum = "sha256:e7bb173247bf3c4a7cab03797607433ef2dfb47553b1471056b81491f7e8e50a"

[conda-packages.linux-x64."clang-format-22-22.1.8-default_h713e2cb_3"]
url = "https://conda.anaconda.org/conda-forge/linux-64/clang-format-22-22.1.8-default_h713e2cb_3.conda"
checksum = "sha256:b5307d944220e1ac708db3976ea7d947ab6628fdc7da85278288b87305177292"

[conda-packages.linux-x64."clang-format-22-22.1.8-default_ha9a2879_3"]
url = "https://conda.anaconda.org/conda-forge/linux-64/clang-format-22-22.1.8-default_ha9a2879_3.conda"
checksum = "sha256:4a3529c841888427c60997a752e93ca42e4081c29042ed64b72588af1095d026"

[conda-packages.linux-x64."clang-format-22.1.8-default_he96069b_3"]
url = "https://conda.anaconda.org/conda-forge/linux-64/clang-format-22.1.8-default_he96069b_3.conda"
checksum = "sha256:1724b544e2601c604625585b2393407a7727bb5bd7bccf07bf3227c967e5737f"

[conda-packages.linux-x64."clang-scan-deps-22.1.8-default_h1381bd0_3"]
url = "https://conda.anaconda.org/conda-forge/linux-64/clang-scan-deps-22.1.8-default_h1381bd0_3.conda"
checksum = "sha256:a4743c330ca13164f5b4e20de337454f71b2e5a1c9ea45a355bf3c1606b16dff"

[conda-packages.linux-x64."clang_impl_linux-64-22.1.8-default_h6d37801_3"]
url = "https://conda.anaconda.org/conda-forge/linux-64/clang_impl_linux-64-22.1.8-default_h6d37801_3.conda"
checksum = "sha256:eb1c68356c7366343fed23d897e54678da7d3b25836de8f280ae1cd0aa5aa8b5"

[conda-packages.linux-x64."compiler-rt-22.1.8-ha770c72_1"]
url = "https://conda.anaconda.org/conda-forge/linux-64/compiler-rt-22.1.8-ha770c72_1.conda"
checksum = "sha256:7ea97a24a9847f7ec91b959c405a9bc5b9c28d4078175dce2d2f8a2014f74969"

[conda-packages.linux-x64."compiler-rt22-22.1.8-hb700be7_1"]
url = "https://conda.anaconda.org/conda-forge/linux-64/compiler-rt22-22.1.8-hb700be7_1.conda"
checksum = "sha256:34c62d3aa085945afa94930621793bccc18c47ce9657a5ef9423f76cf8e9373e"

[conda-packages.linux-x64."compiler-rt22_linux-64-22.1.8-hffcefe0_1"]
url = "https://conda.anaconda.org/conda-forge/noarch/compiler-rt22_linux-64-22.1.8-hffcefe0_1.conda"
checksum = "sha256:c6cd0a10b9b161b0b075a8a78083b23a49d87f0e383d2c199ce11a586fc7d779"

[conda-packages.linux-x64."compiler-rt_linux-64-22.1.8-ha770c72_1"]
url = "https://conda.anaconda.org/conda-forge/noarch/compiler-rt_linux-64-22.1.8-ha770c72_1.conda"
checksum = "sha256:81bb0835e05ef4c60022aa594e16a870bbf39ed4d4180ef87191f56b795cd86c"

[conda-packages.linux-x64."conda-gcc-specs-15.2.0-h53410ce_20"]
url = "https://conda.anaconda.org/conda-forge/linux-64/conda-gcc-specs-15.2.0-h53410ce_20.conda"
checksum = "sha256:a74410edbdccfe386a13995242175fddffdc9374295a189cf810625707eec153"

[conda-packages.linux-x64."gcc_impl_linux-64-15.2.0-h8ddf172_20"]
url = "https://conda.anaconda.org/conda-forge/linux-64/gcc_impl_linux-64-15.2.0-h8ddf172_20.conda"
checksum = "sha256:8e5725dfd8dfb4df6b78252abca52e29c778862900714d38aed6328144da229b"

[conda-packages.linux-x64."icu-78.3-h54a6638_2"]
url = "https://conda.anaconda.org/conda-forge/linux-64/icu-78.3-h54a6638_2.conda"
checksum = "sha256:d7c260b7e1cf22ce04d6ba8a86eabf4e6c50bc96a5c27fe2ecb32298af3e88eb"

[conda-packages.linux-x64."kernel-headers_linux-64-6.12.0-he073ed8_6"]
url = "https://conda.anaconda.org/conda-forge/noarch/kernel-headers_linux-64-6.12.0-he073ed8_6.conda"
checksum = "sha256:73b11f31db6c9ebe63d900334fa4f46859aa1ddd8f37cfa5f25a043e0a59253c"

[conda-packages.linux-x64."ld_impl_linux-64-2.46.1-default_hbd61a6d_102"]
url = "https://conda.anaconda.org/conda-forge/linux-64/ld_impl_linux-64-2.46.1-default_hbd61a6d_102.conda"
checksum = "sha256:27d83f1188cd19bcb7754a078b3fa7f4cfb8527f8eb2fde54dd01fc529d1adec"

[conda-packages.linux-x64."libclang-cpp22.1-22.1.8-default_h6c227bf_3"]
url = "https://conda.anaconda.org/conda-forge/linux-64/libclang-cpp22.1-22.1.8-default_h6c227bf_3.conda"
checksum = "sha256:ccb8bd0a8f2d57675b6a60dabb0cc8becb35c2748ac4ec920d7f7625b93c16d8"

[conda-packages.linux-x64."libclang13-22.1.8-default_h9692865_3"]
url = "https://conda.anaconda.org/conda-forge/linux-64/libclang13-22.1.8-default_h9692865_3.conda"
checksum = "sha256:b90ed8467a692788477c06bc0359fac52ed5651d801ddef189ba4b7ecf3ce38c"

[conda-packages.linux-x64."libcompiler-rt-22.1.8-hb700be7_1"]
url = "https://conda.anaconda.org/conda-forge/linux-64/libcompiler-rt-22.1.8-hb700be7_1.conda"
checksum = "sha256:da7b61922007ff1cfe015ec5156084f2b12f68f554ea8d737689c1dc898f24c0"

[conda-packages.linux-x64."libgcc-16.1.0-ha9f2e26_1"]
url = "https://conda.anaconda.org/conda-forge/linux-64/libgcc-16.1.0-ha9f2e26_1.conda"
checksum = "sha256:d5cb8475131c31680f8fd30512c418f373064e272e452063276a8fb14c9fa42f"

[conda-packages.linux-x64."libgcc-devel_linux-64-15.2.0-hcc6f6b0_120"]
url = "https://conda.anaconda.org/conda-forge/noarch/libgcc-devel_linux-64-15.2.0-hcc6f6b0_120.conda"
checksum = "sha256:a57003c6ea0d7464d06f1e37ac3832faa0578b48e51896c896d83eda01c83d04"

[conda-packages.linux-x64."libgcc-devel_linux-64-16.1.0-h59071f9_101"]
url = "https://conda.anaconda.org/conda-forge/noarch/libgcc-devel_linux-64-16.1.0-h59071f9_101.conda"
checksum = "sha256:b314251d957b16c71ec241119ac09b9530c5c4ce140026ec98d297f55d6c5e08"

[conda-packages.linux-x64."libgomp-16.1.0-he0feb66_1"]
url = "https://conda.anaconda.org/conda-forge/linux-64/libgomp-16.1.0-he0feb66_1.conda"
checksum = "sha256:62cb599ad0539d99386515326d9d5e8f51f75a60c69c2131b21df76edf35bd89"

[conda-packages.linux-x64."libiconv-1.18-h3b78370_2"]
url = "https://conda.anaconda.org/conda-forge/linux-64/libiconv-1.18-h3b78370_2.conda"
checksum = "sha256:c467851a7312765447155e071752d7bf9bf44d610a5687e32706f480aad2833f"

[conda-packages.linux-x64."libllvm22-22.1.8-hf7376ad_1"]
url = "https://conda.anaconda.org/conda-forge/linux-64/libllvm22-22.1.8-hf7376ad_1.conda"
checksum = "sha256:e9b5f301d6b001a9b8ce782157f56b75c92c4fbc9eba95dc6345c1139251d13b"

[conda-packages.linux-x64."liblzma-5.8.3-hb03c661_0"]
url = "https://conda.anaconda.org/conda-forge/linux-64/liblzma-5.8.3-hb03c661_0.conda"
checksum = "sha256:ec30e52a3c1bf7d0425380a189d209a52baa03f22fb66dd3eb587acaa765bd6d"

[conda-packages.linux-x64."libsanitizer-15.2.0-h984fb3e_20"]
url = "https://conda.anaconda.org/conda-forge/linux-64/libsanitizer-15.2.0-h984fb3e_20.conda"
checksum = "sha256:d7b184884d924154c2ffb924e188be93d5922096e3754d11a26277d99a8f3943"

[conda-packages.linux-x64."libstdcxx-16.1.0-h934c35e_1"]
url = "https://conda.anaconda.org/conda-forge/linux-64/libstdcxx-16.1.0-h934c35e_1.conda"
checksum = "sha256:79721dd08aeb0ab9e773f1f9ef41cf4e6c17477e3d72319147619045bce05a09"

[conda-packages.linux-x64."libstdcxx-devel_linux-64-15.2.0-hd446a21_120"]
url = "https://conda.anaconda.org/conda-forge/noarch/libstdcxx-devel_linux-64-15.2.0-hd446a21_120.conda"
checksum = "sha256:3cabbd98a31d584517c9d8588f5a5b32b49d9898bcce379f41f6138d5af6d6be"

[conda-packages.linux-x64."libxml2-16-2.15.3-hca6bf5a_0"]
url = "https://conda.anaconda.org/conda-forge/linux-64/libxml2-16-2.15.3-hca6bf5a_0.conda"
checksum = "sha256:3d44f737c5ae52d5af32682cc1530df433f401f8e58a7533926536244127572a"

[conda-packages.linux-x64."libxml2-2.15.3-h49c6c72_0"]
url = "https://conda.anaconda.org/conda-forge/linux-64/libxml2-2.15.3-h49c6c72_0.conda"
checksum = "sha256:3bc5551720c58591f6ea1146f7d1539c734ed1c40e7b9f5cb8cb7e900c509aba"

[conda-packages.linux-x64."libzlib-1.3.2-h25fd6f3_3"]
url = "https://conda.anaconda.org/conda-forge/linux-64/libzlib-1.3.2-h25fd6f3_3.conda"
checksum = "sha256:eb8a0db0aa570124f7d2a93d7c7f596e3390df5e047818d873baad32985fc736"

[conda-packages.linux-x64."llvm-openmp-22.1.8-h4922eb0_0"]
url = "https://conda.anaconda.org/conda-forge/linux-64/llvm-openmp-22.1.8-h4922eb0_0.conda"
checksum = "sha256:a37aba21b85800af1e7c5b04ba76abab96b6e591eedf99dc6e4df83b0fefd7a5"

[conda-packages.linux-x64."sysroot_linux-64-2.39-hc4b9eeb_6"]
url = "https://conda.anaconda.org/conda-forge/noarch/sysroot_linux-64-2.39-hc4b9eeb_6.conda"
checksum = "sha256:7d235e4337f122f3439d0196e1c1c6e715a5b88fcbf24f944510186c84168e45"

[conda-packages.linux-x64.tzdata-2026c-h151e31d_0]
url = "https://conda.anaconda.org/conda-forge/noarch/tzdata-2026c-h151e31d_0.conda"
checksum = "sha256:b928c30ddcb0e3f544c6eade8352737e6e610e263276b90232db6a578ef899d8"

[conda-packages.linux-x64."zstd-1.5.7-hb78ec9c_6"]
url = "https://conda.anaconda.org/conda-forge/linux-64/zstd-1.5.7-hb78ec9c_6.conda"
checksum = "sha256:68f0206ca6e98fea941e5717cec780ed2873ffabc0e1ed34428c061e2c6268c7"

[pkgx-packages.linux-x64."facebook.com/zstd@1.5.7"]
url = "https://dist.pkgx.dev/facebook.com/zstd/linux/x86-64/v1.5.7.tar.xz"
checksum = "sha256:30b5d0973521494b826963e507a7fe826a27f2d2a1d4075261d629a36ec88541"
pkgx_provides = [
    "bin/pzstd",
    "bin/unzstd",
    "bin/zstd",
    "bin/zstdcat",
    "bin/zstdgrep",
    "bin/zstdless",
    "bin/zstdmt",
]

[pkgx-packages.linux-x64."lz4.org@1.10.0"]
url = "https://dist.pkgx.dev/lz4.org/linux/x86-64/v1.10.0.tar.xz"
checksum = "sha256:1c12ff71e70ca7d554f4ba02ed14436ba210cf6a02d27ef4ab893835f925fea8"
pkgx_provides = ["bin/lz4"]

[pkgx-packages.linux-x64."tukaani.org/xz@5.8.3"]
url = "https://dist.pkgx.dev/tukaani.org/xz/linux/x86-64/v5.8.3.tar.xz"
checksum = "sha256:bc91614d884875cbff72b37a0eaeb00e4fb01093658f19019c47d08d84fed62c"
pkgx_provides = [
    "bin/lzcat",
    "bin/lzcmp",
    "bin/lzdiff",
    "bin/lzegrep",
    "bin/lzfgrep",
    "bin/lzgrep",
    "bin/lzless",
    "bin/lzma",
    "bin/lzmadec",
    "bin/lzmainfo",
    "bin/lzmore",
    "bin/unlzma",
    "bin/unxz",
    "bin/xz",
    "bin/xzcat",
    "bin/xzcmp",
    "bin/xzdec",
    "bin/xzdiff",
    "bin/xzegrep",
    "bin/xzfgrep",
    "bin/xzgrep",
    "bin/xzless",
    "bin/xzmore",
]

[pkgx-packages.linux-x64."zlib.net@1.3.2"]
url = "https://dist.pkgx.dev/zlib.net/linux/x86-64/v1.3.2.tar.xz"
checksum = "sha256:492afbfd65523f4b6be48ed63e36539e45a3ae1a8688be63a5dfa1c695715b6e"

[[tools.clang-format]]
version = "22.1.8"
backend = "conda:clang-format"

[tools.clang-format.options]
channel = "conda-forge"

[tools.clang-format."platforms.linux-x64"]
checksum = "sha256:1b3393ee596b93f86de9bc269f4c2c8087c4918ae1596d7dfab827cc1d701c29"
url = "https://conda.anaconda.org/conda-forge/linux-64/clang-format-22.1.8-default_h9fcfc6d_3.conda"
conda_deps = [
    "clang-format-22-22.1.8-default_ha9a2879_3",
    "clang-22.1.8-default_cfg_h361ecea_3",
    "clang_impl_linux-64-22.1.8-default_h6d37801_3",
    "llvm-openmp-22.1.8-h4922eb0_0",
    "clang-22-22.1.8-default_h9692865_3",
    "libclang-cpp22.1-22.1.8-default_h6c227bf_3",
    "libllvm22-22.1.8-hf7376ad_1",
    "libstdcxx-16.1.0-h934c35e_1",
    "libgcc-16.1.0-ha9f2e26_1",
    "libclang13-22.1.8-default_h9692865_3",
    "binutils-2.46.1-default_h4852527_102",
    "libgcc-devel_linux-64-16.1.0-h59071f9_101",
    "sysroot_linux-64-2.39-hc4b9eeb_6",
    "kernel-headers_linux-64-6.12.0-he073ed8_6",
    "_openmp_mutex-4.5-20_gnu",
    "libgomp-16.1.0-he0feb66_1",
    "libzlib-1.3.2-h25fd6f3_3",
    "libxml2-2.15.3-h49c6c72_0",
    "libxml2-16-2.15.3-hca6bf5a_0",
    "liblzma-5.8.3-hb03c661_0",
    "zstd-1.5.7-hb78ec9c_6",
    "compiler-rt22-22.1.8-hb700be7_1",
    "compiler-rt-22.1.8-ha770c72_1",
    "libcompiler-rt-22.1.8-hb700be7_1",
    "compiler-rt_linux-64-22.1.8-ha770c72_1",
    "compiler-rt22_linux-64-22.1.8-hffcefe0_1",
    "binutils_impl_linux-64-2.46.1-default_hfdba357_102",
    "ld_impl_linux-64-2.46.1-default_hbd61a6d_102",
    "tzdata-2026c-h151e31d_0",
    "icu-78.3-h54a6638_2",
    "libiconv-1.18-h3b78370_2",
]

[[tools.cmake]]
version = "4.4.0"
backend = "aqua:Kitware/CMake"

[tools.cmake."platforms.linux-x64"]
checksum = "sha256:3864eb649b4466ae126a64bbde1657adad78efbbaa068bf38201de5cf1b5349f"
url = "https://github.com/Kitware/CMake/releases/download/v4.4.0/cmake-4.4.0-linux-x86_64.tar.gz"
url_api = "https://api.github.com/repos/Kitware/CMake/releases/assets/471628839"

[[tools."conda:clang-tools"]]
version = "22.1.8"
backend = "conda:clang-tools"

[tools."conda:clang-tools".options]
channel = "conda-forge"

[tools."conda:clang-tools"."platforms.linux-x64"]
checksum = "sha256:1769797d516ddeb2742512e5ff7f33452975043a79f4a06ca76abfea96606e91"
url = "https://conda.anaconda.org/conda-forge/linux-64/clang-tools-22.1.8-default_h1fde246_3.conda"
conda_deps = [
    "clang-scan-deps-22.1.8-default_h1381bd0_3",
    "clang-format-22.1.8-default_he96069b_3",
    "clang-format-22-22.1.8-default_h713e2cb_3",
    "clang-22.1.8-default_cfg_h361ecea_3",
    "clang_impl_linux-64-22.1.8-default_h6d37801_3",
    "llvm-openmp-22.1.8-h4922eb0_0",
    "clang-22-22.1.8-default_h9692865_3",
    "libclang-cpp22.1-22.1.8-default_h6c227bf_3",
    "libllvm22-22.1.8-hf7376ad_1",
    "libclang13-22.1.8-default_h9692865_3",
    "libstdcxx-16.1.0-h934c35e_1",
    "libgcc-16.1.0-ha9f2e26_1",
    "libxml2-2.15.3-h49c6c72_0",
    "libxml2-16-2.15.3-hca6bf5a_0",
    "liblzma-5.8.3-hb03c661_0",
    "_openmp_mutex-4.5-20_gnu",
    "libgomp-16.1.0-he0feb66_1",
    "icu-78.3-h54a6638_2",
    "libiconv-1.18-h3b78370_2",
    "libzlib-1.3.2-h25fd6f3_3",
    "zstd-1.5.7-hb78ec9c_6",
    "binutils-2.46.1-default_h4852527_102",
    "libgcc-devel_linux-64-16.1.0-h59071f9_101",
    "sysroot_linux-64-2.39-hc4b9eeb_6",
    "kernel-headers_linux-64-6.12.0-he073ed8_6",
    "compiler-rt22-22.1.8-hb700be7_1",
    "compiler-rt-22.1.8-ha770c72_1",
    "libcompiler-rt-22.1.8-hb700be7_1",
    "compiler-rt_linux-64-22.1.8-ha770c72_1",
    "compiler-rt22_linux-64-22.1.8-hffcefe0_1",
    "binutils_impl_linux-64-2.46.1-default_hfdba357_102",
    "ld_impl_linux-64-2.46.1-default_hbd61a6d_102",
    "tzdata-2026c-h151e31d_0",
]

[[tools."conda:gcc"]]
version = "15.2.0"
backend = "conda:gcc"

[tools."conda:gcc".options]
channel = "conda-forge"

[tools."conda:gcc"."platforms.linux-x64"]
checksum = "sha256:559aebbc0b6754681c7eec0b6ef8924a13eaa4c110510e99b8224ef3020fed69"
url = "https://conda.anaconda.org/conda-forge/linux-64/gcc-15.2.0-hc6a0c74_20.conda"
conda_deps = [
    "gcc_impl_linux-64-15.2.0-h8ddf172_20",
    "libstdcxx-devel_linux-64-15.2.0-hd446a21_120",
    "libsanitizer-15.2.0-h984fb3e_20",
    "libgcc-devel_linux-64-15.2.0-hcc6f6b0_120",
    "conda-gcc-specs-15.2.0-h53410ce_20",
    "binutils_impl_linux-64-2.46.1-default_hfdba357_102",
    "ld_impl_linux-64-2.46.1-default_hbd61a6d_102",
    "libgcc-16.1.0-ha9f2e26_1",
    "libgomp-16.1.0-he0feb66_1",
    "libstdcxx-16.1.0-h934c35e_1",
    "sysroot_linux-64-2.39-hc4b9eeb_6",
    "kernel-headers_linux-64-6.12.0-he073ed8_6",
    "zstd-1.5.7-hb78ec9c_6",
    "_openmp_mutex-4.5-20_gnu",
    "tzdata-2026c-h151e31d_0",
    "libzlib-1.3.2-h25fd6f3_3",
]

[[tools.dagger]]
version = "0.21.7"
backend = "aqua:dagger/dagger"

[tools.dagger."platforms.linux-x64"]
checksum = "sha256:44430afc6f9c390fc47c4f352b15de9309a5e97ebd1ae563839617d6df8e8cc5"
url = "https://github.com/dagger/dagger/releases/download/v0.21.7/dagger_v0.21.7_linux_amd64.tar.gz"
url_api = "https://api.github.com/repos/dagger/dagger/releases/assets/450438338"

[[tools.gitleaks]]
version = "8.30.1"
backend = "aqua:gitleaks/gitleaks"

[tools.gitleaks."platforms.linux-x64"]
checksum = "sha256:551f6fc83ea457d62a0d98237cbad105af8d557003051f41f3e7ca7b3f2470eb"
url = "https://github.com/gitleaks/gitleaks/releases/download/v8.30.1/gitleaks_8.30.1_linux_x64.tar.gz"
url_api = "https://api.github.com/repos/gitleaks/gitleaks/releases/assets/378332058"

[[tools.ninja]]
version = "1.13.2"
backend = "aqua:ninja-build/ninja"

[tools.ninja."platforms.linux-x64"]
checksum = "sha256:5749cbc4e668273514150a80e387a957f933c6ed3f5f11e03fb30955e2bbead6"
url = "https://github.com/ninja-build/ninja/releases/download/v1.13.2/ninja-linux.zip"
url_api = "https://api.github.com/repos/ninja-build/ninja/releases/assets/318865358"

[[tools."pkgx:llvm.org"]]
version = "22.1.8"
backend = "pkgx:llvm.org"

[tools."pkgx:llvm.org"."platforms.linux-x64"]
checksum = "sha256:13393cdf7c661ce979b7d74390d90c60dc4306ff1027a1cad661fbd45fa7f274"
url = "https://dist.pkgx.dev/llvm.org/linux/x86-64/v22.1.8.tar.xz"
pkgx_deps = [
    "zlib.net@1.3.2",
    "facebook.com/zstd@1.5.7",
    "tukaani.org/xz@5.8.3",
    "lz4.org@1.10.0",
]
pkgx_provides = [
    "bin/lld",
    "bin/lldb",
    "bin/clang",
    "bin/clang++",
    "bin/clangd",
    "bin/cc",
    "bin/c++",
    "bin/cpp",
    "bin/nm",
    "bin/objcopy",
    "bin/ranlib",
    "bin/readelf",
    "bin/strings",
    "bin/strip",
    "bin/llvm-profdata",
    "bin/llvm-cov",
]

[[tools.syft]]
version = "1.49.0"
backend = "aqua:anchore/syft"

[tools.syft."platforms.linux-x64"]
checksum = "sha256:7aa2f03ee92739cf643279ba3990548b9925d4e22cae13f46831ee62821147fe"
url = "https://github.com/anchore/syft/releases/download/v1.49.0/syft_1.49.0_linux_amd64.tar.gz"
url_api = "https://api.github.com/repos/anchore/syft/releases/assets/484701708"
