# @generated - this file is auto-generated by `mise lock` https://mise.jdx.dev/dev-tools/mise-lock.html

lockfile_version = 3

[[tools."aqua:google/osv-scanner"]]
version = "2.6.0"
backend = "aqua:google/osv-scanner"
specifiers = ["2.6.0"]

[tools."aqua:google/osv-scanner"."platforms.linux-x64"]
checksum = "sha256:ca69b3d3cd08f889a49dc0a383122f71cc528b83803671df5fd874d97485b108"
url = "https://github.com/google/osv-scanner/releases/download/v2.6.0/osv-scanner_linux_amd64"
url_api = "https://api.github.com/repos/google/osv-scanner/releases/assets/562414718"

[[tools.swift]]
version = "6.4.0"
backend = "core:swift"
specifiers = ["6.4.0"]

[tools.swift.options]
swift_platform = "ubuntu26.04"

[tools.swift."platforms.linux-x64"]
checksum = "blake3:9c20f3b4f3a039b112fb50402228c455692cd15fab5792a6c7646529be324250"
url = "https://download.swift.org/swift-6.4.0-release/ubuntu2604/swift-6.4.0-RELEASE/swift-6.4.0-RELEASE-ubuntu26.04.tar.gz"

[[tools.swift]]
version = "6.4.0"
backend = "core:swift"
specifiers = ["6.4.0"]

[tools.swift.options]
swift_platform = "ubuntu24.04"

[tools.swift."platforms.linux-x64"]
url = "https://download.swift.org/swift-6.4.0-release/ubuntu2404/swift-6.4.0-RELEASE/swift-6.4.0-RELEASE-ubuntu24.04.tar.gz"
