# @generated - this file is auto-generated by `mise lock` https://mise.en.dev/dev-tools/mise-lock.html

[conda-packages.linux-x64."_openmp_mutex-4.5-20_gnu"]
url = "https://conda.anaconda.org/conda-forge/linux-64/_openmp_mutex-4.5-20_gnu.conda"
checksum = "sha256:1dd3fffd892081df9726d7eb7e0dea6198962ba775bd88842135a4ddb4deb3c9"

[conda-packages.linux-x64."clang-format-22-22.1.8-default_h99862b1_2"]
url = "https://conda.anaconda.org/conda-forge/linux-64/clang-format-22-22.1.8-default_h99862b1_2.conda"
checksum = "sha256:480a841b662e8cad193d0dae88686c6a24f9b53f9b54274a3918efc89d016daa"

[conda-packages.linux-x64."icu-78.3-h33c6efd_0"]
url = "https://conda.anaconda.org/conda-forge/linux-64/icu-78.3-h33c6efd_0.conda"
checksum = "sha256:fbf86c4a59c2ed05bbffb2ba25c7ed94f6185ec30ecb691615d42342baa1a16a"

[conda-packages.linux-x64."libclang-cpp22.1-22.1.8-default_h99862b1_2"]
url = "https://conda.anaconda.org/conda-forge/linux-64/libclang-cpp22.1-22.1.8-default_h99862b1_2.conda"
checksum = "sha256:5babbfdcc84d445631c961fafe1484e2e09744145eb4fd20c84d750ceb3e9bf6"

[conda-packages.linux-x64."libgcc-15.2.0-he0feb66_19"]
url = "https://conda.anaconda.org/conda-forge/linux-64/libgcc-15.2.0-he0feb66_19.conda"
checksum = "sha256:8e0a3b5e41272e5678499b5dfc4cddb673f9e935de01eb0767ce857001229f46"

[conda-packages.linux-x64."libgomp-15.2.0-he0feb66_19"]
url = "https://conda.anaconda.org/conda-forge/linux-64/libgomp-15.2.0-he0feb66_19.conda"
checksum = "sha256:5abe4ab9d93f6c9757d654f1969ae2267d4505315c1f2f8fe705fd60af084f1b"

[conda-packages.linux-x64."libiconv-1.18-h3b78370_2"]
url = "https://conda.anaconda.org/conda-forge/linux-64/libiconv-1.18-h3b78370_2.conda"
checksum = "sha256:c467851a7312765447155e071752d7bf9bf44d610a5687e32706f480aad2833f"

[conda-packages.linux-x64."libllvm22-22.1.8-hf7376ad_1"]
url = "https://conda.anaconda.org/conda-forge/linux-64/libllvm22-22.1.8-hf7376ad_1.conda"
checksum = "sha256:e9b5f301d6b001a9b8ce782157f56b75c92c4fbc9eba95dc6345c1139251d13b"

[conda-packages.linux-x64."liblzma-5.8.3-hb03c661_0"]
url = "https://conda.anaconda.org/conda-forge/linux-64/liblzma-5.8.3-hb03c661_0.conda"
checksum = "sha256:ec30e52a3c1bf7d0425380a189d209a52baa03f22fb66dd3eb587acaa765bd6d"

[conda-packages.linux-x64."libstdcxx-15.2.0-h934c35e_19"]
url = "https://conda.anaconda.org/conda-forge/linux-64/libstdcxx-15.2.0-h934c35e_19.conda"
checksum = "sha256:dff1058c76ec6b8759e41cefa2508162d00e4a5e6721aa68ec3fd10094e702dc"

[conda-packages.linux-x64."libxml2-16-2.15.3-hca6bf5a_0"]
url = "https://conda.anaconda.org/conda-forge/linux-64/libxml2-16-2.15.3-hca6bf5a_0.conda"
checksum = "sha256:3d44f737c5ae52d5af32682cc1530df433f401f8e58a7533926536244127572a"

[conda-packages.linux-x64."libxml2-2.15.3-h49c6c72_0"]
url = "https://conda.anaconda.org/conda-forge/linux-64/libxml2-2.15.3-h49c6c72_0.conda"
checksum = "sha256:3bc5551720c58591f6ea1146f7d1539c734ed1c40e7b9f5cb8cb7e900c509aba"

[conda-packages.linux-x64."libzlib-1.3.2-h25fd6f3_2"]
url = "https://conda.anaconda.org/conda-forge/linux-64/libzlib-1.3.2-h25fd6f3_2.conda"
checksum = "sha256:55044c403570f0dc26e6364de4dc5368e5f3fc7ff103e867c487e2b5ab2bcda9"

[conda-packages.linux-x64."zstd-1.5.7-hb78ec9c_6"]
url = "https://conda.anaconda.org/conda-forge/linux-64/zstd-1.5.7-hb78ec9c_6.conda"
checksum = "sha256:68f0206ca6e98fea941e5717cec780ed2873ffabc0e1ed34428c061e2c6268c7"

[pkgx-packages.linux-x64."facebook.com/zstd@1.5.7"]
url = "https://dist.pkgx.dev/facebook.com/zstd/linux/x86-64/v1.5.7.tar.xz"
checksum = "sha256:30b5d0973521494b826963e507a7fe826a27f2d2a1d4075261d629a36ec88541"
pkgx_provides = [
    "bin/pzstd",
    "bin/unzstd",
    "bin/zstd",
    "bin/zstdcat",
    "bin/zstdgrep",
    "bin/zstdless",
    "bin/zstdmt",
]

[pkgx-packages.linux-x64."lz4.org@1.10.0"]
url = "https://dist.pkgx.dev/lz4.org/linux/x86-64/v1.10.0.tar.xz"
checksum = "sha256:1c12ff71e70ca7d554f4ba02ed14436ba210cf6a02d27ef4ab893835f925fea8"
pkgx_provides = ["bin/lz4"]

[pkgx-packages.linux-x64."tukaani.org/xz@5.8.3"]
url = "https://dist.pkgx.dev/tukaani.org/xz/linux/x86-64/v5.8.3.tar.xz"
checksum = "sha256:bc91614d884875cbff72b37a0eaeb00e4fb01093658f19019c47d08d84fed62c"
pkgx_provides = [
    "bin/lzcat",
    "bin/lzcmp",
    "bin/lzdiff",
    "bin/lzegrep",
    "bin/lzfgrep",
    "bin/lzgrep",
    "bin/lzless",
    "bin/lzma",
    "bin/lzmadec",
    "bin/lzmainfo",
    "bin/lzmore",
    "bin/unlzma",
    "bin/unxz",
    "bin/xz",
    "bin/xzcat",
    "bin/xzcmp",
    "bin/xzdec",
    "bin/xzdiff",
    "bin/xzegrep",
    "bin/xzfgrep",
    "bin/xzgrep",
    "bin/xzless",
    "bin/xzmore",
]

[pkgx-packages.linux-x64."zlib.net@1.3.2"]
url = "https://dist.pkgx.dev/zlib.net/linux/x86-64/v1.3.2.tar.xz"
checksum = "sha256:492afbfd65523f4b6be48ed63e36539e45a3ae1a8688be63a5dfa1c695715b6e"

[[tools.clang-format]]
version = "22.1.8"
backend = "conda:clang-format"

[tools.clang-format.options]
channel = "conda-forge"

[tools.clang-format."platforms.linux-x64"]
checksum = "sha256:5448e916a903ed304184ba2a4de695185caff66381c547df56194fa2845019ab"
url = "https://conda.anaconda.org/conda-forge/linux-64/clang-format-22.1.8-default_h99862b1_2.conda"
conda_deps = [
    "clang-format-22-22.1.8-default_h99862b1_2",
    "libclang-cpp22.1-22.1.8-default_h99862b1_2",
    "libgcc-15.2.0-he0feb66_19",
    "libstdcxx-15.2.0-h934c35e_19",
    "libllvm22-22.1.8-hf7376ad_1",
    "libzlib-1.3.2-h25fd6f3_2",
    "_openmp_mutex-4.5-20_gnu",
    "libgomp-15.2.0-he0feb66_19",
    "libxml2-2.15.3-h49c6c72_0",
    "libxml2-16-2.15.3-hca6bf5a_0",
    "liblzma-5.8.3-hb03c661_0",
    "icu-78.3-h33c6efd_0",
    "zstd-1.5.7-hb78ec9c_6",
    "libiconv-1.18-h3b78370_2",
]

[[tools.cmake]]
version = "4.3.4"
backend = "aqua:Kitware/CMake"

[tools.cmake."platforms.linux-x64"]
checksum = "sha256:ca6f08ccbd5e6b0a9068d33317d0d1aff7278d08cccaed4529b8fbead7942a68"
url = "https://github.com/Kitware/CMake/releases/download/v4.3.4/cmake-4.3.4-linux-x86_64.tar.gz"

[[tools.ninja]]
version = "1.13.2"
backend = "aqua:ninja-build/ninja"

[tools.ninja."platforms.linux-x64"]
checksum = "sha256:5749cbc4e668273514150a80e387a957f933c6ed3f5f11e03fb30955e2bbead6"
url = "https://github.com/ninja-build/ninja/releases/download/v1.13.2/ninja-linux.zip"

[[tools."pkgx:llvm.org"]]
version = "22.1.8"
backend = "pkgx:llvm.org"

[tools."pkgx:llvm.org"."platforms.linux-x64"]
checksum = "sha256:13393cdf7c661ce979b7d74390d90c60dc4306ff1027a1cad661fbd45fa7f274"
url = "https://dist.pkgx.dev/llvm.org/linux/x86-64/v22.1.8.tar.xz"
pkgx_deps = [
    "zlib.net@1.3.2",
    "facebook.com/zstd@1.5.7",
    "tukaani.org/xz@5.8.3",
    "lz4.org@1.10.0",
]
pkgx_provides = [
    "bin/lld",
    "bin/lldb",
    "bin/clang",
    "bin/clang++",
    "bin/clangd",
    "bin/cc",
    "bin/c++",
    "bin/cpp",
    "bin/nm",
    "bin/objcopy",
    "bin/ranlib",
    "bin/readelf",
    "bin/strings",
    "bin/strip",
    "bin/llvm-profdata",
    "bin/llvm-cov",
]
