# @generated - this file is auto-generated by `mise lock` https://mise.jdx.dev/dev-tools/mise-lock.html

[[tools."http:roc"]]
version = "nightly-2026-July-15-c2d30e8"
backend = "http:roc"

[tools."http:roc"."platforms.linux-x64"]
checksum = "sha256:28e0869ef8c5086c24894f6e42bf7927651422736e0602d72152dbdc20cf1ea6"
url = "https://github.com/roc-lang/nightlies/releases/download/nightly-2026-July-15-c2d30e8/roc_nightly-linux_x86_64-2026-07-15-c2d30e8.tar.gz"
