# @generated - this file is auto-generated by `mise lock` https://mise.jdx.dev/dev-tools/mise-lock.html

[[tools.godot]]
version = "4.7-stable"
backend = "aqua:godotengine/godot"

[tools.godot."platforms.linux-x64"]
checksum = "sha256:0b1a6c54c2c619c12e169fe9241edda4b81080b519451cec2984bf0d2c6cb73c"
url = "https://github.com/godotengine/godot/releases/download/4.7-stable/Godot_v4.7-stable_linux.x86_64.zip"
url_api = "https://api.github.com/repos/godotengine/godot/releases/assets/451181917"

[[tools.python]]
version = "3.12.11"
backend = "core:python"

[tools.python."platforms.linux-x64"]
checksum = "sha256:f98121eb1fb2b05a25c1f3d2fe7cf08c3a2468c350785df3d84c2516e7280d3f"
url = "https://github.com/astral-sh/python-build-standalone/releases/download/20251007/cpython-3.12.11+20251007-x86_64-unknown-linux-gnu-install_only_stripped.tar.gz"
provenance = "github-attestations"

[[tools.uv]]
version = "0.11.23"
backend = "aqua:astral-sh/uv"

[tools.uv."platforms.linux-x64"]
checksum = "sha256:6be47081100ff1ce0ac7e85ba2ac12e32f2ffa6f946d78bf7f24ee9ce3a46181"
url = "https://github.com/astral-sh/uv/releases/download/0.11.23/uv-x86_64-unknown-linux-musl.tar.gz"
url_api = "https://api.github.com/repos/astral-sh/uv/releases/assets/452403917"
provenance = "github-attestations"
